
Microsoft Visual Studio Solution File, Format Version 12.00
# Visual Studio Version 17
VisualStudioVersion = 17.7.34024.191
MinimumVisualStudioVersion = 10.0.40219.1
Project("{FAE04EC0-301F-11D3-BF4B-00C04F79EFBC}") = "Lab8", "Lab8\Lab8.csproj", "{F2A839EA-EC49-49B3-A75C-989644E32869}"
EndProject
Global
	GlobalSection(SolutionConfigurationPlatforms) = preSolution
		Debug|Any CPU = Debug|Any CPU
		Release|Any CPU = Release|Any CPU
	EndGlobalSection
	GlobalSection(ProjectConfigurationPlatforms) = postSolution
		{F2A839EA-EC49-49B3-A75C-989644E32869}.Debug|Any CPU.ActiveCfg = Debug|Any CPU
		{F2A839EA-EC49-49B3-A75C-989644E32869}.Debug|Any CPU.Build.0 = Debug|Any CPU
		{F2A839EA-EC49-49B3-A75C-989644E32869}.Release|Any CPU.ActiveCfg = Release|Any CPU
		{F2A839EA-EC49-49B3-A75C-989644E32869}.Release|Any CPU.Build.0 = Release|Any CPU
	EndGlobalSection
	GlobalSection(SolutionProperties) = preSolution
		HideSolutionNode = FALSE
	EndGlobalSection
	GlobalSection(ExtensibilityGlobals) = postSolution
		SolutionGuid = {133F3DF3-5516-4DEB-BB2A-B3AD94A7FAC4}
	EndGlobalSection
EndGlobal
